{
  "name": "DownloadItYourself",
  "version": "0.0.1",
  "lockfileVersion": 3,
  "requires": true,
  "packages": {
    "": {
      "name": "DownloadItYourself",
      "version": "0.0.1",
      "license": "SEE LICENSE IN LICENSE.txt",
      "dependencies": {
        "electron": "github:EIGHTFINITE/electron#main",
        "electron-chrome-extensions": "github:EIGHTFINITE/electron-chrome-extensions#main",
        "lodash.isfunction": "3.0.9",
        "lodash.isinteger": "4.0.4",
        "lodash.isstring": "4.0.1",
        "spdx-expression-parse": "github:EIGHTFINITE/spdx-expression-parse#main",
        "top-user-agents": "github:EIGHTFINITE/top-user-agents-1#main"
      },
      "engines": {
        "node": "24.13.1",
        "npm": "11.10.0"
      },
      "optionalDependencies": {
        "jquery": "4.0.0"
      },
      "peerDependencies": {
        "electron": "40.4.1",
        "electron-chrome-extensions": "4.9.0",
        "spdx-expression-parse": "4.0.0",
        "top-user-agents": "1.0.66"
      }
    },
    "node_modules/debug": {
      "version": "4.4.3",
      "resolved": "https://registry.npmjs.org/debug/-/debug-4.4.3.tgz",
      "integrity": "sha512-RGwwWnwQvkVfavKVt22FGLw+xYSdzARwm0ru6DhTVA3umU5hZc28V3kO4stgYryrTlLpuvgI9GiijltAjNbcqA==",
      "license": "MIT",
      "dependencies": {
        "ms": "^2.1.3"
      },
      "engines": {
        "node": ">=6.0"
      },
      "peerDependenciesMeta": {
        "supports-color": {
          "optional": true
        }
      }
    },
    "node_modules/electron": {
      "version": "40.4.1",
      "resolved": "git+ssh://git@github.com/EIGHTFINITE/electron.git#fb45cf40c283e8d58189381db73f1b2a77ca9126",
      "license": "MIT",
      "bin": {
        "electron": "cli.js"
      }
    },
    "node_modules/electron-chrome-extensions": {
      "version": "4.9.0",
      "resolved": "git+ssh://git@github.com/EIGHTFINITE/electron-chrome-extensions.git#0218d20dc634e189b48e16f30ca8fdd88dd68e2f",
      "license": "GPL-3.0",
      "dependencies": {
        "debug": "^4.3.1"
      }
    },
    "node_modules/jquery": {
      "version": "4.0.0",
      "resolved": "https://registry.npmjs.org/jquery/-/jquery-4.0.0.tgz",
      "integrity": "sha512-TXCHVR3Lb6TZdtw1l3RTLf8RBWVGexdxL6AC8/e0xZKEpBflBsjh9/8LXw+dkNFuOyW9B7iB3O1sP7hS0Kiacg==",
      "license": "MIT",
      "optional": true
    },
    "node_modules/lodash.isfunction": {
      "version": "3.0.9",
      "resolved": "https://registry.npmjs.org/lodash.isfunction/-/lodash.isfunction-3.0.9.tgz",
      "integrity": "sha512-AirXNj15uRIMMPihnkInB4i3NHeb4iBtNg9WRWuK2o31S+ePwwNmDPaTL3o7dTJ+VXNZim7rFs4rxN4YU1oUJw==",
      "license": "MIT"
    },
    "node_modules/lodash.isinteger": {
      "version": "4.0.4",
      "resolved": "https://registry.npmjs.org/lodash.isinteger/-/lodash.isinteger-4.0.4.tgz",
      "integrity": "sha512-DBwtEWN2caHQ9/imiNeEA5ys1JoRtRfY3d7V9wkqtbycnAmTvRRmbHKDV4a0EYc678/dia0jrte4tjYwVBaZUA==",
      "license": "MIT"
    },
    "node_modules/lodash.isstring": {
      "version": "4.0.1",
      "resolved": "https://registry.npmjs.org/lodash.isstring/-/lodash.isstring-4.0.1.tgz",
      "integrity": "sha512-0wJxfxH1wgO3GrbuP+dTTk7op+6L41QCXbGINEmD+ny/G/eCqGzxyCsh7159S+mgDDcoarnBw6PC1PS5+wUGgw==",
      "license": "MIT"
    },
    "node_modules/ms": {
      "version": "2.1.3",
      "resolved": "https://registry.npmjs.org/ms/-/ms-2.1.3.tgz",
      "integrity": "sha512-6FlzubTLZG3J2a/NVCAleEhjzq5oxgHyaCU9yYXvcLsvoVaHJq/s5xXI6/XXP6tz7R9xAOtHnSO/tXtF3WRTlA==",
      "license": "MIT"
    },
    "node_modules/spdx-exceptions": {
      "version": "2.5.0",
      "resolved": "https://registry.npmjs.org/spdx-exceptions/-/spdx-exceptions-2.5.0.tgz",
      "integrity": "sha512-PiU42r+xO4UbUS1buo3LPJkjlO7430Xn5SVAhdpzzsPHsjbYVflnnFdATgabnLude+Cqu25p6N+g2lw/PFsa4w==",
      "license": "CC-BY-3.0"
    },
    "node_modules/spdx-expression-parse": {
      "version": "4.0.0",
      "resolved": "git+ssh://git@github.com/EIGHTFINITE/spdx-expression-parse.git#d10479ea4c74e16adeeed31dbfd3282e8c269292",
      "license": "MIT",
      "dependencies": {
        "spdx-exceptions": "^2.1.0",
        "spdx-license-ids": "^3.0.0"
      }
    },
    "node_modules/spdx-license-ids": {
      "version": "3.0.22",
      "resolved": "https://registry.npmjs.org/spdx-license-ids/-/spdx-license-ids-3.0.22.tgz",
      "integrity": "sha512-4PRT4nh1EImPbt2jASOKHX7PB7I+e4IWNLvkKFDxNhJlfjbYlleYQh285Z/3mPTHSAK/AvdMmw5BNNuYH8ShgQ==",
      "license": "CC0-1.0"
    },
    "node_modules/top-user-agents": {
      "version": "1.0.66",
      "resolved": "git+ssh://git@github.com/EIGHTFINITE/top-user-agents-1.git#afa8e7e9257783bc702afa87f11fa762fa3f3fc6",
      "license": "MIT"
    }
  }
}
