{
  "name": "DownloadItYourself",
  "version": "0.0.1",
  "lockfileVersion": 1,
  "requires": true,
  "dependencies": {
    "debug": {
      "version": "4.4.3",
      "resolved": "https://registry.npmjs.org/debug/-/debug-4.4.3.tgz",
      "integrity": "sha512-RGwwWnwQvkVfavKVt22FGLw+xYSdzARwm0ru6DhTVA3umU5hZc28V3kO4stgYryrTlLpuvgI9GiijltAjNbcqA==",
      "requires": {
        "ms": "^2.1.3"
      }
    },
    "electron": {
      "version": "github:EIGHTFINITE/electron#7daf2c513eb61b73b31ef13f26af9733bb0981b3",
      "from": "github:EIGHTFINITE/electron#main"
    },
    "electron-chrome-extensions": {
      "version": "4.9.0",
      "resolved": "https://registry.npmjs.org/electron-chrome-extensions/-/electron-chrome-extensions-4.9.0.tgz",
      "integrity": "sha512-4kLlh4sPPF0ieOy/Gw7A7KrmqB07megDLqOWAWXdFLAYu+2AeOGME6uOBa80NZLbKgTqBvrsVDZ+epdszRm/EQ==",
      "requires": {
        "debug": "^4.3.1"
      }
    },
    "lodash.isfunction": {
      "version": "3.0.9",
      "resolved": "https://registry.npmjs.org/lodash.isfunction/-/lodash.isfunction-3.0.9.tgz",
      "integrity": "sha512-AirXNj15uRIMMPihnkInB4i3NHeb4iBtNg9WRWuK2o31S+ePwwNmDPaTL3o7dTJ+VXNZim7rFs4rxN4YU1oUJw=="
    },
    "lodash.isinteger": {
      "version": "4.0.4",
      "resolved": "https://registry.npmjs.org/lodash.isinteger/-/lodash.isinteger-4.0.4.tgz",
      "integrity": "sha512-DBwtEWN2caHQ9/imiNeEA5ys1JoRtRfY3d7V9wkqtbycnAmTvRRmbHKDV4a0EYc678/dia0jrte4tjYwVBaZUA=="
    },
    "lodash.isstring": {
      "version": "4.0.1",
      "resolved": "https://registry.npmjs.org/lodash.isstring/-/lodash.isstring-4.0.1.tgz",
      "integrity": "sha512-0wJxfxH1wgO3GrbuP+dTTk7op+6L41QCXbGINEmD+ny/G/eCqGzxyCsh7159S+mgDDcoarnBw6PC1PS5+wUGgw=="
    },
    "ms": {
      "version": "2.1.3",
      "resolved": "https://registry.npmjs.org/ms/-/ms-2.1.3.tgz",
      "integrity": "sha512-6FlzubTLZG3J2a/NVCAleEhjzq5oxgHyaCU9yYXvcLsvoVaHJq/s5xXI6/XXP6tz7R9xAOtHnSO/tXtF3WRTlA=="
    },
    "spdx-exceptions": {
      "version": "2.5.0",
      "resolved": "https://registry.npmjs.org/spdx-exceptions/-/spdx-exceptions-2.5.0.tgz",
      "integrity": "sha512-PiU42r+xO4UbUS1buo3LPJkjlO7430Xn5SVAhdpzzsPHsjbYVflnnFdATgabnLude+Cqu25p6N+g2lw/PFsa4w=="
    },
    "spdx-expression-parse": {
      "version": "github:EIGHTFINITE/spdx-expression-parse#d10479ea4c74e16adeeed31dbfd3282e8c269292",
      "from": "github:EIGHTFINITE/spdx-expression-parse#main",
      "requires": {
        "spdx-exceptions": "^2.1.0",
        "spdx-license-ids": "^3.0.0"
      }
    },
    "spdx-license-ids": {
      "version": "3.0.22",
      "resolved": "https://registry.npmjs.org/spdx-license-ids/-/spdx-license-ids-3.0.22.tgz",
      "integrity": "sha512-4PRT4nh1EImPbt2jASOKHX7PB7I+e4IWNLvkKFDxNhJlfjbYlleYQh285Z/3mPTHSAK/AvdMmw5BNNuYH8ShgQ=="
    },
    "top-user-agents": {
      "version": "github:EIGHTFINITE/top-user-agents-1#7e122df83b65994283063a2da6e7e8c70fd8af55",
      "from": "github:EIGHTFINITE/top-user-agents-1#main"
    }
  }
}
